// !$*UTF8*$!
{
	archiveVersion = 1;
	classes = {
	};
	objectVersion = 46;
	objects = {

/* Begin PBXBuildFile section */
		1017893C1B283EE1006C41B8 /* libRNCookieManager.a in Frameworks */ = {isa = PBXBuildFile; fileRef = 101789301B283EE1006C41B8 /* libRNCookieManager.a */; };
		7FE295451E03BDA2009E7610 /* RNCookieManager.m in Sources */ = {isa = PBXBuildFile; fileRef = 7FE295441E03BDA2009E7610 /* RNCookieManager.m */; };
/* End PBXBuildFile section */

/* Begin PBXContainerItemProxy section */
		1017893D1B283EE1006C41B8 /* PBXContainerItemProxy */ = {
			isa = PBXContainerItemProxy;
			containerPortal = 101789281B283EE1006C41B8 /* Project object */;
			proxyType = 1;
			remoteGlobalIDString = 1017892F1B283EE1006C41B8;
			remoteInfo = RNCookieManager;
		};
/* End PBXContainerItemProxy section */

/* Begin PBXCopyFilesBuildPhase section */
		1017892E1B283EE1006C41B8 /* CopyFiles */ = {
			isa = PBXCopyFilesBuildPhase;
			buildActionMask = 2147483647;
			dstPath = "include/$(PRODUCT_NAME)";
			dstSubfolderSpec = 16;
			files = (
			);
			runOnlyForDeploymentPostprocessing = 0;
		};
/* End PBXCopyFilesBuildPhase section */

/* Begin PBXFileReference section */
		101789301B283EE1006C41B8 /* libRNCookieManager.a */ = {isa = PBXFileReference; explicitFileType = archive.ar; includeInIndex = 0; path = libRNCookieManager.a; sourceTree = BUILT_PRODUCTS_DIR; };
		1017893B1B283EE1006C41B8 /* RNCookieManagerTests.xctest */ = {isa = PBXFileReference; explicitFileType = wrapper.cfbundle; includeInIndex = 0; path = RNCookieManagerTests.xctest; sourceTree = BUILT_PRODUCTS_DIR; };
		7FE295431E03BDA2009E7610 /* RNCookieManager.h */ = {isa = PBXFileReference; fileEncoding = 4; lastKnownFileType = sourcecode.c.h; path = RNCookieManager.h; sourceTree = "<group>"; };
		7FE295441E03BDA2009E7610 /* RNCookieManager.m */ = {isa = PBXFileReference; fileEncoding = 4; lastKnownFileType = sourcecode.c.objc; path = RNCookieManager.m; sourceTree = "<group>"; };
/* End PBXFileReference section */

/* Begin PBXFrameworksBuildPhase section */
		1017892D1B283EE1006C41B8 /* Frameworks */ = {
			isa = PBXFrameworksBuildPhase;
			buildActionMask = 2147483647;
			files = (
			);
			runOnlyForDeploymentPostprocessing = 0;
		};
		101789381B283EE1006C41B8 /* Frameworks */ = {
			isa = PBXFrameworksBuildPhase;
			buildActionMask = 2147483647;
			files = (
				1017893C1B283EE1006C41B8 /* libRNCookieManager.a in Frameworks */,
			);
			runOnlyForDeploymentPostprocessing = 0;
		};
/* End PBXFrameworksBuildPhase section */

/* Begin PBXGroup section */
		101789271B283EE1006C41B8 = {
			isa = PBXGroup;
			children = (
				7FE295431E03BDA2009E7610 /* RNCookieManager.h */,
				7FE295441E03BDA2009E7610 /* RNCookieManager.m */,
				101789311B283EE1006C41B8 /* Products */,
			);
			sourceTree = "<group>";
		};
		101789311B283EE1006C41B8 /* Products */ = {
			isa = PBXGroup;
			children = (
				101789301B283EE1006C41B8 /* libRNCookieManager.a */,
				1017893B1B283EE1006C41B8 /* RNCookieManagerTests.xctest */,
			);
			name = Products;
			sourceTree = "<group>";
		};
/* End PBXGroup section */

/* Begin PBXNativeTarget section */
		1017892F1B283EE1006C41B8 /* RNCookieManager */ = {
			isa = PBXNativeTarget;
			buildConfigurationList = 101789441B283EE1006C41B8 /* Build configuration list for PBXNativeTarget "RNCookieManager" */;
			buildPhases = (
				1017892C1B283EE1006C41B8 /* Sources */,
				1017892D1B283EE1006C41B8 /* Frameworks */,
				1017892E1B283EE1006C41B8 /* CopyFiles */,
			);
			buildRules = (
			);
			dependencies = (
			);
			name = RNCookieManager;
			productName = RNCookieManager;
			productReference = 101789301B283EE1006C41B8 /* libRNCookieManager.a */;
			productType = "com.apple.product-type.library.static";
		};
		1017893A1B283EE1006C41B8 /* RNCookieManagerTests */ = {
			isa = PBXNativeTarget;
			buildConfigurationList = 101789471B283EE1006C41B8 /* Build configuration list for PBXNativeTarget "RNCookieManagerTests" */;
			buildPhases = (
				101789371B283EE1006C41B8 /* Sources */,
				101789381B283EE1006C41B8 /* Frameworks */,
				101789391B283EE1006C41B8 /* Resources */,
			);
			buildRules = (
			);
			dependencies = (
				1017893E1B283EE1006C41B8 /* PBXTargetDependency */,
			);
			name = RNCookieManagerTests;
			productName = RNCookieManagerTests;
			productReference = 1017893B1B283EE1006C41B8 /* RNCookieManagerTests.xctest */;
			productType = "com.apple.product-type.bundle.unit-test";
		};
/* End PBXNativeTarget section */

/* Begin PBXProject section */
		101789281B283EE1006C41B8 /* Project object */ = {
			isa = PBXProject;
			attributes = {
				LastUpgradeCheck = 0620;
				ORGANIZATIONNAME = shimo;
				TargetAttributes = {
					1017892F1B283EE1006C41B8 = {
						CreatedOnToolsVersion = 6.2;
					};
					1017893A1B283EE1006C41B8 = {
						CreatedOnToolsVersion = 6.2;
					};
				};
			};
			buildConfigurationList = 1017892B1B283EE1006C41B8 /* Build configuration list for PBXProject "RNCookieManager" */;
			compatibilityVersion = "Xcode 3.2";
			developmentRegion = English;
			hasScannedForEncodings = 0;
			knownRegions = (
				en,
			);
			mainGroup = 101789271B283EE1006C41B8;
			productRefGroup = 101789311B283EE1006C41B8 /* Products */;
			projectDirPath = "";
			projectRoot = "";
			targets = (
				1017892F1B283EE1006C41B8 /* RNCookieManager */,
				1017893A1B283EE1006C41B8 /* RNCookieManagerTests */,
			);
		};
/* End PBXProject section */

/* Begin PBXResourcesBuildPhase section */
		101789391B283EE1006C41B8 /* Resources */ = {
			isa = PBXResourcesBuildPhase;
			buildActionMask = 2147483647;
			files = (
			);
			runOnlyForDeploymentPostprocessing = 0;
		};
/* End PBXResourcesBuildPhase section */

/* Begin PBXSourcesBuildPhase section */
		1017892C1B283EE1006C41B8 /* Sources */ = {
			isa = PBXSourcesBuildPhase;
			buildActionMask = 2147483647;
			files = (
				7FE295451E03BDA2009E7610 /* RNCookieManager.m in Sources */,
			);
			runOnlyForDeploymentPostprocessing = 0;
		};
		101789371B283EE1006C41B8 /* Sources */ = {
			isa = PBXSourcesBuildPhase;
			buildActionMask = 2147483647;
			files = (
			);
			runOnlyForDeploymentPostprocessing = 0;
		};
/* End PBXSourcesBuildPhase section */

/* Begin PBXTargetDependency section */
		1017893E1B283EE1006C41B8 /* PBXTargetDependency */ = {
			isa = PBXTargetDependency;
			target = 1017892F1B283EE1006C41B8 /* RNCookieManager */;
			targetProxy = 1017893D1B283EE1006C41B8 /* PBXContainerItemProxy */;
		};
/* End PBXTargetDependency section */

/* Begin XCBuildConfiguration section */
		101789421B283EE1006C41B8 /* Debug */ = {
			isa = XCBuildConfiguration;
			buildSettings = {
				ALWAYS_SEARCH_USER_PATHS = NO;
				CLANG_CXX_LANGUAGE_STANDARD = "gnu++0x";
				CLANG_CXX_LIBRARY = "libc++";
				CLANG_ENABLE_MODULES = YES;
				CLANG_ENABLE_OBJC_ARC = YES;
				CLANG_WARN_BOOL_CONVERSION = YES;
				CLANG_WARN_CONSTANT_CONVERSION = YES;
				CLANG_WARN_DIRECT_OBJC_ISA_USAGE = YES_ERROR;
				CLANG_WARN_EMPTY_BODY = YES;
				CLANG_WARN_ENUM_CONVERSION = YES;
				CLANG_WARN_INT_CONVERSION = YES;
				CLANG_WARN_OBJC_ROOT_CLASS = YES_ERROR;
				CLANG_WARN_UNREACHABLE_CODE = YES;
				CLANG_WARN__DUPLICATE_METHOD_MATCH = YES;
				COPY_PHASE_STRIP = NO;
				ENABLE_STRICT_OBJC_MSGSEND = YES;
				GCC_C_LANGUAGE_STANDARD = gnu99;
				GCC_DYNAMIC_NO_PIC = NO;
				GCC_OPTIMIZATION_LEVEL = 0;
				GCC_PREPROCESSOR_DEFINITIONS = (
					"DEBUG=1",
					"$(inherited)",
				);
				GCC_SYMBOLS_PRIVATE_EXTERN = NO;
				GCC_WARN_64_TO_32_BIT_CONVERSION = YES;
				GCC_WARN_ABOUT_RETURN_TYPE = YES_ERROR;
				GCC_WARN_UNDECLARED_SELECTOR = YES;
				GCC_WARN_UNINITIALIZED_AUTOS = YES_AGGRESSIVE;
				GCC_WARN_UNUSED_FUNCTION = YES;
				GCC_WARN_UNUSED_VARIABLE = YES;
				HEADER_SEARCH_PATHS = (
					"$(SRCROOT)/../node_modules/react-native/React/**",
					"$(inherited)",
					/Applications/Xcode.app/Contents/Developer/Toolchains/XcodeDefault.xctoolchain/usr/include,
				);
				IPHONEOS_DEPLOYMENT_TARGET = 8.2;
				MTL_ENABLE_DEBUG_INFO = YES;
				ONLY_ACTIVE_ARCH = YES;
				SDKROOT = iphoneos;
			};
			name = Debug;
		};
		101789431B283EE1006C41B8 /* Release */ = {
			isa = XCBuildConfiguration;
			buildSettings = {
				ALWAYS_SEARCH_USER_PATHS = NO;
				CLANG_CXX_LANGUAGE_STANDARD = "gnu++0x";
				CLANG_CXX_LIBRARY = "libc++";
				CLANG_ENABLE_MODULES = YES;
				CLANG_ENABLE_OBJC_ARC = YES;
				CLANG_WARN_BOOL_CONVERSION = YES;
				CLANG_WARN_CONSTANT_CONVERSION = YES;
				CLANG_WARN_DIRECT_OBJC_ISA_USAGE = YES_ERROR;
				CLANG_WARN_EMPTY_BODY = YES;
				CLANG_WARN_ENUM_CONVERSION = YES;
				CLANG_WARN_INT_CONVERSION = YES;
				CLANG_WARN_OBJC_ROOT_CLASS = YES_ERROR;
				CLANG_WARN_UNREACHABLE_CODE = YES;
				CLANG_WARN__DUPLICATE_METHOD_MATCH = YES;
				COPY_PHASE_STRIP = NO;
				ENABLE_NS_ASSERTIONS = NO;
				ENABLE_STRICT_OBJC_MSGSEND = YES;
				GCC_C_LANGUAGE_STANDARD = gnu99;
				GCC_WARN_64_TO_32_BIT_CONVERSION = YES;
				GCC_WARN_ABOUT_RETURN_TYPE = YES_ERROR;
				GCC_WARN_UNDECLARED_SELECTOR = YES;
				GCC_WARN_UNINITIALIZED_AUTOS = YES_AGGRESSIVE;
				GCC_WARN_UNUSED_FUNCTION = YES;
				GCC_WARN_UNUSED_VARIABLE = YES;
				HEADER_SEARCH_PATHS = (
					"$(SRCROOT)/../node_modules/react-native/React/**",
					"$(inherited)",
					/Applications/Xcode.app/Contents/Developer/Toolchains/XcodeDefault.xctoolchain/usr/include,
				);
				IPHONEOS_DEPLOYMENT_TARGET = 8.2;
				MTL_ENABLE_DEBUG_INFO = NO;
				SDKROOT = iphoneos;
				VALIDATE_PRODUCT = YES;
			};
			name = Release;
		};
		101789451B283EE1006C41B8 /* Debug */ = {
			isa = XCBuildConfiguration;
			buildSettings = {
				HEADER_SEARCH_PATHS = (
					"$(SRCROOT)/../../node_modules/react-native/React/**",
					"$(inherited)",
					/Applications/Xcode.app/Contents/Developer/Toolchains/XcodeDefault.xctoolchain/usr/include,
					"$(SRCROOT)/../../react-native/React/**",
				);
				OTHER_LDFLAGS = "-ObjC";
				PRODUCT_NAME = "$(TARGET_NAME)";
				SKIP_INSTALL = YES;
			};
			name = Debug;
		};
		101789461B283EE1006C41B8 /* Release */ = {
			isa = XCBuildConfiguration;
			buildSettings = {
				HEADER_SEARCH_PATHS = (
					"$(SRCROOT)/../../node_modules/react-native/React/**",
					"$(inherited)",
					/Applications/Xcode.app/Contents/Developer/Toolchains/XcodeDefault.xctoolchain/usr/include,
					"$(SRCROOT)/../../react-native/React/**",
				);
				OTHER_LDFLAGS = "-ObjC";
				PRODUCT_NAME = "$(TARGET_NAME)";
				SKIP_INSTALL = YES;
			};
			name = Release;
		};
		101789481B283EE1006C41B8 /* Debug */ = {
			isa = XCBuildConfiguration;
			buildSettings = {
				FRAMEWORK_SEARCH_PATHS = (
					"$(SDKROOT)/Developer/Library/Frameworks",
					"$(inherited)",
				);
				GCC_PREPROCESSOR_DEFINITIONS = (
					"DEBUG=1",
					"$(inherited)",
				);
				INFOPLIST_FILE = RNCookieManagerTests/Info.plist;
				LD_RUNPATH_SEARCH_PATHS = "$(inherited) @executable_path/Frameworks @loader_path/Frameworks";
				PRODUCT_NAME = "$(TARGET_NAME)";
			};
			name = Debug;
		};
		101789491B283EE1006C41B8 /* Release */ = {
			isa = XCBuildConfiguration;
			buildSettings = {
				FRAMEWORK_SEARCH_PATHS = (
					"$(SDKROOT)/Developer/Library/Frameworks",
					"$(inherited)",
				);
				INFOPLIST_FILE = RNCookieManagerTests/Info.plist;
				LD_RUNPATH_SEARCH_PATHS = "$(inherited) @executable_path/Frameworks @loader_path/Frameworks";
				PRODUCT_NAME = "$(TARGET_NAME)";
			};
			name = Release;
		};
/* End XCBuildConfiguration section */

/* Begin XCConfigurationList section */
		1017892B1B283EE1006C41B8 /* Build configuration list for PBXProject "RNCookieManager" */ = {
			isa = XCConfigurationList;
			buildConfigurations = (
				101789421B283EE1006C41B8 /* Debug */,
				101789431B283EE1006C41B8 /* Release */,
			);
			defaultConfigurationIsVisible = 0;
			defaultConfigurationName = Release;
		};
		101789441B283EE1006C41B8 /* Build configuration list for PBXNativeTarget "RNCookieManager" */ = {
			isa = XCConfigurationList;
			buildConfigurations = (
				101789451B283EE1006C41B8 /* Debug */,
				101789461B283EE1006C41B8 /* Release */,
			);
			defaultConfigurationIsVisible = 0;
			defaultConfigurationName = Release;
		};
		101789471B283EE1006C41B8 /* Build configuration list for PBXNativeTarget "RNCookieManagerTests" */ = {
			isa = XCConfigurationList;
			buildConfigurations = (
				101789481B283EE1006C41B8 /* Debug */,
				101789491B283EE1006C41B8 /* Release */,
			);
			defaultConfigurationIsVisible = 0;
			defaultConfigurationName = Release;
		};
/* End XCConfigurationList section */
	};
	rootObject = 101789281B283EE1006C41B8 /* Project object */;
}
